
Microsoft Visual Studio Solution File, Format Version 12.00
# Visual Studio 15
VisualStudioVersion = 15.0.28307.539
MinimumVisualStudioVersion = 10.0.40219.1
Project("{9A19103F-16F7-4668-BE54-9A1E7A4F7556}") = "SDSLambdaService", "SDSLambdaService\SDSLambdaService.csproj", "{955B881A-164F-43D3-8084-56907B98ECE0}"
EndProject
Project("{9A19103F-16F7-4668-BE54-9A1E7A4F7556}") = "SDSLambdaService.Tests", "SDSLambdaService.Tests\SDSLambdaService.Tests.csproj", "{09A03F61-D9F2-4876-A3D4-68766FBDEC33}"
EndProject
Project("{9A19103F-16F7-4668-BE54-9A1E7A4F7556}") = "SDSDAL", "SDSDAL\SDSDAL.csproj", "{933633A5-A01A-48FB-A573-9E7DF740DC7E}"
EndProject
Project("{FAE04EC0-301F-11D3-BF4B-00C04F79EFBC}") = "SDSWebsite", "SDSWebsite\SDSWebsite.csproj", "{EACA4C8F-4AB2-413A-8B6A-F5250CDA85CE}"
EndProject
Global
	GlobalSection(SolutionConfigurationPlatforms) = preSolution
		Debug|Any CPU = Debug|Any CPU
		Release|Any CPU = Release|Any CPU
	EndGlobalSection
	GlobalSection(ProjectConfigurationPlatforms) = postSolution
		{955B881A-164F-43D3-8084-56907B98ECE0}.Debug|Any CPU.ActiveCfg = Debug|Any CPU
		{955B881A-164F-43D3-8084-56907B98ECE0}.Debug|Any CPU.Build.0 = Debug|Any CPU
		{955B881A-164F-43D3-8084-56907B98ECE0}.Release|Any CPU.ActiveCfg = Release|Any CPU
		{955B881A-164F-43D3-8084-56907B98ECE0}.Release|Any CPU.Build.0 = Release|Any CPU
		{09A03F61-D9F2-4876-A3D4-68766FBDEC33}.Debug|Any CPU.ActiveCfg = Debug|Any CPU
		{09A03F61-D9F2-4876-A3D4-68766FBDEC33}.Debug|Any CPU.Build.0 = Debug|Any CPU
		{09A03F61-D9F2-4876-A3D4-68766FBDEC33}.Release|Any CPU.ActiveCfg = Release|Any CPU
		{09A03F61-D9F2-4876-A3D4-68766FBDEC33}.Release|Any CPU.Build.0 = Release|Any CPU
		{933633A5-A01A-48FB-A573-9E7DF740DC7E}.Debug|Any CPU.ActiveCfg = Debug|Any CPU
		{933633A5-A01A-48FB-A573-9E7DF740DC7E}.Debug|Any CPU.Build.0 = Debug|Any CPU
		{933633A5-A01A-48FB-A573-9E7DF740DC7E}.Release|Any CPU.ActiveCfg = Release|Any CPU
		{933633A5-A01A-48FB-A573-9E7DF740DC7E}.Release|Any CPU.Build.0 = Release|Any CPU
		{EACA4C8F-4AB2-413A-8B6A-F5250CDA85CE}.Debug|Any CPU.ActiveCfg = Debug|Any CPU
		{EACA4C8F-4AB2-413A-8B6A-F5250CDA85CE}.Debug|Any CPU.Build.0 = Debug|Any CPU
		{EACA4C8F-4AB2-413A-8B6A-F5250CDA85CE}.Release|Any CPU.ActiveCfg = Release|Any CPU
		{EACA4C8F-4AB2-413A-8B6A-F5250CDA85CE}.Release|Any CPU.Build.0 = Release|Any CPU
	EndGlobalSection
	GlobalSection(SolutionProperties) = preSolution
		HideSolutionNode = FALSE
	EndGlobalSection
	GlobalSection(ExtensibilityGlobals) = postSolution
		SolutionGuid = {B58955FD-5096-4230-834C-E5318739B9F9}
	EndGlobalSection
EndGlobal
